
Microsoft Visual Studio Solution File, Format Version 12.00
# Visual Studio Version 17
Project("{8BC9CEB8-8B4A-11D0-8D11-00A0C91BC942}") = "ALL_BUILD", "ALL_BUILD.vcxproj", "{9A5AF39B-4F5C-334B-9387-294EBE057AA2}"
	ProjectSection(ProjectDependencies) = postProject
		{0BF0E997-604F-3218-9CEF-FEFD1D5D0272} = {0BF0E997-604F-3218-9CEF-FEFD1D5D0272}
		{EEACC475-9473-3F56-88C7-E6DA8FEE35DC} = {EEACC475-9473-3F56-88C7-E6DA8FEE35DC}
		{4F87B721-4332-3463-B3E9-AB1936A1DA74} = {4F87B721-4332-3463-B3E9-AB1936A1DA74}
	EndProjectSection
EndProject
Project("{8BC9CEB8-8B4A-11D0-8D11-00A0C91BC942}") = "AmuseCore", "core\AmuseCore.vcxproj", "{0BF0E997-604F-3218-9CEF-FEFD1D5D0272}"
	ProjectSection(ProjectDependencies) = postProject
		{9B0158FC-6228-3E85-A6F2-75829EDB703B} = {9B0158FC-6228-3E85-A6F2-75829EDB703B}
		{E034C278-49FC-32E0-9A6B-12062212A5A9} = {E034C278-49FC-32E0-9A6B-12062212A5A9}
		{4F87B721-4332-3463-B3E9-AB1936A1DA74} = {4F87B721-4332-3463-B3E9-AB1936A1DA74}
	EndProjectSection
EndProject
Project("{8BC9CEB8-8B4A-11D0-8D11-00A0C91BC942}") = "AmuseEditor", "AmuseEditor.vcxproj", "{EEACC475-9473-3F56-88C7-E6DA8FEE35DC}"
	ProjectSection(ProjectDependencies) = postProject
		{0BF0E997-604F-3218-9CEF-FEFD1D5D0272} = {0BF0E997-604F-3218-9CEF-FEFD1D5D0272}
		{9B0158FC-6228-3E85-A6F2-75829EDB703B} = {9B0158FC-6228-3E85-A6F2-75829EDB703B}
		{E034C278-49FC-32E0-9A6B-12062212A5A9} = {E034C278-49FC-32E0-9A6B-12062212A5A9}
		{4F87B721-4332-3463-B3E9-AB1936A1DA74} = {4F87B721-4332-3463-B3E9-AB1936A1DA74}
	EndProjectSection
EndProject
Project("{8BC9CEB8-8B4A-11D0-8D11-00A0C91BC942}") = "SDL2-static", "core\vendor\SDL\SDL2-static.vcxproj", "{9B0158FC-6228-3E85-A6F2-75829EDB703B}"
	ProjectSection(ProjectDependencies) = postProject
		{4F87B721-4332-3463-B3E9-AB1936A1DA74} = {4F87B721-4332-3463-B3E9-AB1936A1DA74}
		{BEB85D19-658E-3206-8A2E-EF27C791D7B3} = {BEB85D19-658E-3206-8A2E-EF27C791D7B3}
	EndProjectSection
EndProject
Project("{8BC9CEB8-8B4A-11D0-8D11-00A0C91BC942}") = "SDL2main", "core\vendor\SDL\SDL2main.vcxproj", "{E034C278-49FC-32E0-9A6B-12062212A5A9}"
	ProjectSection(ProjectDependencies) = postProject
		{4F87B721-4332-3463-B3E9-AB1936A1DA74} = {4F87B721-4332-3463-B3E9-AB1936A1DA74}
		{BEB85D19-658E-3206-8A2E-EF27C791D7B3} = {BEB85D19-658E-3206-8A2E-EF27C791D7B3}
	EndProjectSection
EndProject
Project("{8BC9CEB8-8B4A-11D0-8D11-00A0C91BC942}") = "ZERO_CHECK", "ZERO_CHECK.vcxproj", "{4F87B721-4332-3463-B3E9-AB1936A1DA74}"
	ProjectSection(ProjectDependencies) = postProject
	EndProjectSection
EndProject
Project("{8BC9CEB8-8B4A-11D0-8D11-00A0C91BC942}") = "sdl_headers_copy", "core\vendor\SDL\sdl_headers_copy.vcxproj", "{BEB85D19-658E-3206-8A2E-EF27C791D7B3}"
	ProjectSection(ProjectDependencies) = postProject
		{4F87B721-4332-3463-B3E9-AB1936A1DA74} = {4F87B721-4332-3463-B3E9-AB1936A1DA74}
	EndProjectSection
EndProject
Global
	GlobalSection(SolutionConfigurationPlatforms) = preSolution
		Debug|x64 = Debug|x64
		Release|x64 = Release|x64
		MinSizeRel|x64 = MinSizeRel|x64
		RelWithDebInfo|x64 = RelWithDebInfo|x64
	EndGlobalSection
	GlobalSection(ProjectConfigurationPlatforms) = postSolution
		{9A5AF39B-4F5C-334B-9387-294EBE057AA2}.Debug|x64.ActiveCfg = Debug|x64
		{9A5AF39B-4F5C-334B-9387-294EBE057AA2}.Release|x64.ActiveCfg = Release|x64
		{9A5AF39B-4F5C-334B-9387-294EBE057AA2}.MinSizeRel|x64.ActiveCfg = MinSizeRel|x64
		{9A5AF39B-4F5C-334B-9387-294EBE057AA2}.RelWithDebInfo|x64.ActiveCfg = RelWithDebInfo|x64
		{0BF0E997-604F-3218-9CEF-FEFD1D5D0272}.Debug|x64.ActiveCfg = Debug|x64
		{0BF0E997-604F-3218-9CEF-FEFD1D5D0272}.Debug|x64.Build.0 = Debug|x64
		{0BF0E997-604F-3218-9CEF-FEFD1D5D0272}.Release|x64.ActiveCfg = Release|x64
		{0BF0E997-604F-3218-9CEF-FEFD1D5D0272}.Release|x64.Build.0 = Release|x64
		{0BF0E997-604F-3218-9CEF-FEFD1D5D0272}.MinSizeRel|x64.ActiveCfg = MinSizeRel|x64
		{0BF0E997-604F-3218-9CEF-FEFD1D5D0272}.MinSizeRel|x64.Build.0 = MinSizeRel|x64
		{0BF0E997-604F-3218-9CEF-FEFD1D5D0272}.RelWithDebInfo|x64.ActiveCfg = RelWithDebInfo|x64
		{0BF0E997-604F-3218-9CEF-FEFD1D5D0272}.RelWithDebInfo|x64.Build.0 = RelWithDebInfo|x64
		{EEACC475-9473-3F56-88C7-E6DA8FEE35DC}.Debug|x64.ActiveCfg = Debug|x64
		{EEACC475-9473-3F56-88C7-E6DA8FEE35DC}.Debug|x64.Build.0 = Debug|x64
		{EEACC475-9473-3F56-88C7-E6DA8FEE35DC}.Release|x64.ActiveCfg = Release|x64
		{EEACC475-9473-3F56-88C7-E6DA8FEE35DC}.Release|x64.Build.0 = Release|x64
		{EEACC475-9473-3F56-88C7-E6DA8FEE35DC}.MinSizeRel|x64.ActiveCfg = MinSizeRel|x64
		{EEACC475-9473-3F56-88C7-E6DA8FEE35DC}.MinSizeRel|x64.Build.0 = MinSizeRel|x64
		{EEACC475-9473-3F56-88C7-E6DA8FEE35DC}.RelWithDebInfo|x64.ActiveCfg = RelWithDebInfo|x64
		{EEACC475-9473-3F56-88C7-E6DA8FEE35DC}.RelWithDebInfo|x64.Build.0 = RelWithDebInfo|x64
		{9B0158FC-6228-3E85-A6F2-75829EDB703B}.Debug|x64.ActiveCfg = Debug|x64
		{9B0158FC-6228-3E85-A6F2-75829EDB703B}.Debug|x64.Build.0 = Debug|x64
		{9B0158FC-6228-3E85-A6F2-75829EDB703B}.Release|x64.ActiveCfg = Release|x64
		{9B0158FC-6228-3E85-A6F2-75829EDB703B}.Release|x64.Build.0 = Release|x64
		{9B0158FC-6228-3E85-A6F2-75829EDB703B}.MinSizeRel|x64.ActiveCfg = MinSizeRel|x64
		{9B0158FC-6228-3E85-A6F2-75829EDB703B}.MinSizeRel|x64.Build.0 = MinSizeRel|x64
		{9B0158FC-6228-3E85-A6F2-75829EDB703B}.RelWithDebInfo|x64.ActiveCfg = RelWithDebInfo|x64
		{9B0158FC-6228-3E85-A6F2-75829EDB703B}.RelWithDebInfo|x64.Build.0 = RelWithDebInfo|x64
		{E034C278-49FC-32E0-9A6B-12062212A5A9}.Debug|x64.ActiveCfg = Debug|x64
		{E034C278-49FC-32E0-9A6B-12062212A5A9}.Debug|x64.Build.0 = Debug|x64
		{E034C278-49FC-32E0-9A6B-12062212A5A9}.Release|x64.ActiveCfg = Release|x64
		{E034C278-49FC-32E0-9A6B-12062212A5A9}.Release|x64.Build.0 = Release|x64
		{E034C278-49FC-32E0-9A6B-12062212A5A9}.MinSizeRel|x64.ActiveCfg = MinSizeRel|x64
		{E034C278-49FC-32E0-9A6B-12062212A5A9}.MinSizeRel|x64.Build.0 = MinSizeRel|x64
		{E034C278-49FC-32E0-9A6B-12062212A5A9}.RelWithDebInfo|x64.ActiveCfg = RelWithDebInfo|x64
		{E034C278-49FC-32E0-9A6B-12062212A5A9}.RelWithDebInfo|x64.Build.0 = RelWithDebInfo|x64
		{4F87B721-4332-3463-B3E9-AB1936A1DA74}.Debug|x64.ActiveCfg = Debug|x64
		{4F87B721-4332-3463-B3E9-AB1936A1DA74}.Debug|x64.Build.0 = Debug|x64
		{4F87B721-4332-3463-B3E9-AB1936A1DA74}.Release|x64.ActiveCfg = Release|x64
		{4F87B721-4332-3463-B3E9-AB1936A1DA74}.Release|x64.Build.0 = Release|x64
		{4F87B721-4332-3463-B3E9-AB1936A1DA74}.MinSizeRel|x64.ActiveCfg = MinSizeRel|x64
		{4F87B721-4332-3463-B3E9-AB1936A1DA74}.MinSizeRel|x64.Build.0 = MinSizeRel|x64
		{4F87B721-4332-3463-B3E9-AB1936A1DA74}.RelWithDebInfo|x64.ActiveCfg = RelWithDebInfo|x64
		{4F87B721-4332-3463-B3E9-AB1936A1DA74}.RelWithDebInfo|x64.Build.0 = RelWithDebInfo|x64
		{BEB85D19-658E-3206-8A2E-EF27C791D7B3}.Debug|x64.ActiveCfg = Debug|x64
		{BEB85D19-658E-3206-8A2E-EF27C791D7B3}.Debug|x64.Build.0 = Debug|x64
		{BEB85D19-658E-3206-8A2E-EF27C791D7B3}.Release|x64.ActiveCfg = Release|x64
		{BEB85D19-658E-3206-8A2E-EF27C791D7B3}.Release|x64.Build.0 = Release|x64
		{BEB85D19-658E-3206-8A2E-EF27C791D7B3}.MinSizeRel|x64.ActiveCfg = MinSizeRel|x64
		{BEB85D19-658E-3206-8A2E-EF27C791D7B3}.MinSizeRel|x64.Build.0 = MinSizeRel|x64
		{BEB85D19-658E-3206-8A2E-EF27C791D7B3}.RelWithDebInfo|x64.ActiveCfg = RelWithDebInfo|x64
		{BEB85D19-658E-3206-8A2E-EF27C791D7B3}.RelWithDebInfo|x64.Build.0 = RelWithDebInfo|x64
	EndGlobalSection
	GlobalSection(ExtensibilityGlobals) = postSolution
		SolutionGuid = {DC354CB4-3BA4-36F7-9A8D-7DA53E5C0BEE}
	EndGlobalSection
	GlobalSection(ExtensibilityAddIns) = postSolution
	EndGlobalSection
EndGlobal
