<?xml version="1.0" encoding="utf-8"?>
<Project ToolsVersion="17.0" xmlns="http://schemas.microsoft.com/developer/msbuild/2003">
  <ItemGroup>
    <CustomBuild Include="C:\Users\polo\Documents\workspace\amuse\window_build\CMakeFiles\25b33bc56b60037e36d1ab5f829a03b7\generate.stamp.rule">
      <Filter>CMake Rules</Filter>
    </CustomBuild>
  </ItemGroup>
  <ItemGroup>
    <Filter Include="CMake Rules">
      <UniqueIdentifier>{7268964E-D40C-3B8E-9D0C-7E98E1B7502B}</UniqueIdentifier>
    </Filter>
  </ItemGroup>
</Project>
